
Microsoft Visual Studio Solution File, Format Version 12.00
# Visual Studio 15
VisualStudioVersion = 15.0.27004.2009
MinimumVisualStudioVersion = 10.0.40219.1
Project("{FAE04EC0-301F-11D3-BF4B-00C04F79EFBC}") = "SimpleThreadPool", "SimpleThreadPool\SimpleThreadPool.csproj", "{34CF9F33-254A-4BE7-AA10-D77F0F0F4243}"
EndProject
Global
	GlobalSection(SolutionConfigurationPlatforms) = preSolution
		Debug|Any CPU = Debug|Any CPU
		Release|Any CPU = Release|Any CPU
	EndGlobalSection
	GlobalSection(ProjectConfigurationPlatforms) = postSolution
		{34CF9F33-254A-4BE7-AA10-D77F0F0F4243}.Debug|Any CPU.ActiveCfg = Debug|Any CPU
		{34CF9F33-254A-4BE7-AA10-D77F0F0F4243}.Debug|Any CPU.Build.0 = Debug|Any CPU
		{34CF9F33-254A-4BE7-AA10-D77F0F0F4243}.Release|Any CPU.ActiveCfg = Release|Any CPU
		{34CF9F33-254A-4BE7-AA10-D77F0F0F4243}.Release|Any CPU.Build.0 = Release|Any CPU
	EndGlobalSection
	GlobalSection(SolutionProperties) = preSolution
		HideSolutionNode = FALSE
	EndGlobalSection
	GlobalSection(ExtensibilityGlobals) = postSolution
		SolutionGuid = {22302E3A-D41C-4B4D-B82C-1D0AA9FE7815}
	EndGlobalSection
EndGlobal
